
Microsoft Visual Studio Solution File, Format Version 12.00
# Visual Studio 15
VisualStudioVersion = 15.0.28307.136
MinimumVisualStudioVersion = 10.0.40219.1
Project("{9A19103F-16F7-4668-BE54-9A1E7A4F7556}") = "CheapTravel", "CheapTravel.csproj", "{8512F6DD-9DD1-420B-B70D-B322C3556411}"
EndProject
Project("{FAE04EC0-301F-11D3-BF4B-00C04F79EFBC}") = "APIService", "..\APIService\APIService.csproj", "{12473187-C71F-47A8-83B8-D8C59C65D3B3}"
EndProject
Global
	GlobalSection(SolutionConfigurationPlatforms) = preSolution
		Debug|Any CPU = Debug|Any CPU
		Release|Any CPU = Release|Any CPU
	EndGlobalSection
	GlobalSection(ProjectConfigurationPlatforms) = postSolution
		{8512F6DD-9DD1-420B-B70D-B322C3556411}.Debug|Any CPU.ActiveCfg = Debug|Any CPU
		{8512F6DD-9DD1-420B-B70D-B322C3556411}.Debug|Any CPU.Build.0 = Debug|Any CPU
		{8512F6DD-9DD1-420B-B70D-B322C3556411}.Release|Any CPU.ActiveCfg = Release|Any CPU
		{8512F6DD-9DD1-420B-B70D-B322C3556411}.Release|Any CPU.Build.0 = Release|Any CPU
		{12473187-C71F-47A8-83B8-D8C59C65D3B3}.Debug|Any CPU.ActiveCfg = Debug|Any CPU
		{12473187-C71F-47A8-83B8-D8C59C65D3B3}.Debug|Any CPU.Build.0 = Debug|Any CPU
		{12473187-C71F-47A8-83B8-D8C59C65D3B3}.Release|Any CPU.ActiveCfg = Release|Any CPU
		{12473187-C71F-47A8-83B8-D8C59C65D3B3}.Release|Any CPU.Build.0 = Release|Any CPU
	EndGlobalSection
	GlobalSection(SolutionProperties) = preSolution
		HideSolutionNode = FALSE
	EndGlobalSection
	GlobalSection(ExtensibilityGlobals) = postSolution
		SolutionGuid = {B9742E70-E66B-4BE8-B26B-D59C45832495}
	EndGlobalSection
EndGlobal
